
Microsoft Visual Studio Solution File, Format Version 10.00
# Visual Studio 2008
Project("{FAE04EC0-301F-11D3-BF4B-00C04F79EFBC}") = "GrabImage", "GrabImage\GrabImage.csproj", "{CC044073-F448-4EBC-869C-B801F40C8560}"
EndProject
Project("{FAE04EC0-301F-11D3-BF4B-00C04F79EFBC}") = "ConnectSpecCamera", "ConnectSpecCamera\ConnectSpecCamera.csproj", "{520348BF-1BF6-4F11-9005-55A0445FDF19}"
EndProject
Project("{FAE04EC0-301F-11D3-BF4B-00C04F79EFBC}") = "ConvertPixelType", "ConvertPixelType\ConvertPixelType.csproj", "{F006F83F-F25F-4560-BE2A-4C60B54EA8FA}"
EndProject
Project("{FAE04EC0-301F-11D3-BF4B-00C04F79EFBC}") = "Grab_Callback", "Grab_Callback\Grab_Callback.csproj", "{8CAADEB8-9C70-4430-B363-F312805A06D8}"
EndProject
Project("{FAE04EC0-301F-11D3-BF4B-00C04F79EFBC}") = "MultiCast", "MultiCast\MultiCast.csproj", "{BE1E2CF6-5118-44B5-BBAD-8AE4D2F7BC13}"
EndProject
Project("{FAE04EC0-301F-11D3-BF4B-00C04F79EFBC}") = "ParametrizeCamera_FileAccess", "ParametrizeCamera_FileAccess\ParametrizeCamera_FileAccess.csproj", "{07896700-AF85-41D9-8602-91C5CCC92C45}"
EndProject
Project("{FAE04EC0-301F-11D3-BF4B-00C04F79EFBC}") = "ParametrizeCamera_LoadAndSave", "ParametrizeCamera_LoadAndSave\ParametrizeCamera_LoadAndSave.csproj", "{40FFDE8E-C434-4299-A4FE-C13F6CD7D2E8}"
EndProject
Project("{FAE04EC0-301F-11D3-BF4B-00C04F79EFBC}") = "Events", "Events\Events.csproj", "{3E9EB818-3C60-440F-B15C-E4860366C798}"
EndProject
Project("{FAE04EC0-301F-11D3-BF4B-00C04F79EFBC}") = "GrabImage_HighPerformance", "GrabImage_HighPerformance\GrabImage_HighPerformance.csproj", "{C4F76D0A-BF26-45E2-B69B-9A8DF93D5FF0}"
EndProject
Project("{FAE04EC0-301F-11D3-BF4B-00C04F79EFBC}") = "CamLBasicDemo", "CamLBasicDemo\CamLBasicDemo.csproj", "{14BB4A7B-0F01-4778-905A-E53C192A5208}"
EndProject
Project("{FAE04EC0-301F-11D3-BF4B-00C04F79EFBC}") = "ChunkData", "ChunkData\ChunkData.csproj", "{B4D3001D-890E-44F3-A216-EB1B4CF2BA2A}"
EndProject
Project("{FAE04EC0-301F-11D3-BF4B-00C04F79EFBC}") = "Grab_ActionCommand", "Grab_ActionCommand\Grab_ActionCommand.csproj", "{803AF38B-F474-4E45-8AA9-A937E85E8F6B}"
EndProject
Project("{FAE04EC0-301F-11D3-BF4B-00C04F79EFBC}") = "Recording", "Recording\Recording.csproj", "{9044031A-6F9E-4DC8-A10B-30E5F9F7FDBE}"
EndProject
Project("{FAE04EC0-301F-11D3-BF4B-00C04F79EFBC}") = "GrabStrategies", "GrabStrategies\GrabStrategies.csproj", "{16D31E25-B3B0-47BF-807A-0ED4710ECCD4}"
EndProject
Project("{FAE04EC0-301F-11D3-BF4B-00C04F79EFBC}") = "SavePonitCloudData_3D", "SavePonitCloudData_3D\SavePonitCloudData_3D.csproj", "{54D8BBA1-9779-4CB9-9FF0-77C5DE05E7C4}"
EndProject
Global
	GlobalSection(SolutionConfigurationPlatforms) = preSolution
		Debug|Any CPU = Debug|Any CPU
		Debug|x64 = Debug|x64
		Debug|x86 = Debug|x86
		Release|Any CPU = Release|Any CPU
		Release|x64 = Release|x64
		Release|x86 = Release|x86
	EndGlobalSection
	GlobalSection(ProjectConfigurationPlatforms) = postSolution
		{CC044073-F448-4EBC-869C-B801F40C8560}.Debug|Any CPU.ActiveCfg = Debug|Any CPU
		{CC044073-F448-4EBC-869C-B801F40C8560}.Debug|Any CPU.Build.0 = Debug|Any CPU
		{CC044073-F448-4EBC-869C-B801F40C8560}.Debug|x64.ActiveCfg = Debug|x64
		{CC044073-F448-4EBC-869C-B801F40C8560}.Debug|x64.Build.0 = Debug|x64
		{CC044073-F448-4EBC-869C-B801F40C8560}.Debug|x86.ActiveCfg = Debug|x86
		{CC044073-F448-4EBC-869C-B801F40C8560}.Debug|x86.Build.0 = Debug|x86
		{CC044073-F448-4EBC-869C-B801F40C8560}.Release|Any CPU.ActiveCfg = Release|Any CPU
		{CC044073-F448-4EBC-869C-B801F40C8560}.Release|Any CPU.Build.0 = Release|Any CPU
		{CC044073-F448-4EBC-869C-B801F40C8560}.Release|x64.ActiveCfg = Release|x64
		{CC044073-F448-4EBC-869C-B801F40C8560}.Release|x64.Build.0 = Release|x64
		{CC044073-F448-4EBC-869C-B801F40C8560}.Release|x86.ActiveCfg = Release|x86
		{CC044073-F448-4EBC-869C-B801F40C8560}.Release|x86.Build.0 = Release|x86
		{520348BF-1BF6-4F11-9005-55A0445FDF19}.Debug|Any CPU.ActiveCfg = Debug|Any CPU
		{520348BF-1BF6-4F11-9005-55A0445FDF19}.Debug|Any CPU.Build.0 = Debug|Any CPU
		{520348BF-1BF6-4F11-9005-55A0445FDF19}.Debug|x64.ActiveCfg = Debug|x64
		{520348BF-1BF6-4F11-9005-55A0445FDF19}.Debug|x64.Build.0 = Debug|x64
		{520348BF-1BF6-4F11-9005-55A0445FDF19}.Debug|x86.ActiveCfg = Debug|x86
		{520348BF-1BF6-4F11-9005-55A0445FDF19}.Debug|x86.Build.0 = Debug|x86
		{520348BF-1BF6-4F11-9005-55A0445FDF19}.Release|Any CPU.ActiveCfg = Release|Any CPU
		{520348BF-1BF6-4F11-9005-55A0445FDF19}.Release|Any CPU.Build.0 = Release|Any CPU
		{520348BF-1BF6-4F11-9005-55A0445FDF19}.Release|x64.ActiveCfg = Release|x64
		{520348BF-1BF6-4F11-9005-55A0445FDF19}.Release|x64.Build.0 = Release|x64
		{520348BF-1BF6-4F11-9005-55A0445FDF19}.Release|x86.ActiveCfg = Release|x86
		{520348BF-1BF6-4F11-9005-55A0445FDF19}.Release|x86.Build.0 = Release|x86
		{F006F83F-F25F-4560-BE2A-4C60B54EA8FA}.Debug|Any CPU.ActiveCfg = Debug|Any CPU
		{F006F83F-F25F-4560-BE2A-4C60B54EA8FA}.Debug|Any CPU.Build.0 = Debug|Any CPU
		{F006F83F-F25F-4560-BE2A-4C60B54EA8FA}.Debug|x64.ActiveCfg = Debug|x64
		{F006F83F-F25F-4560-BE2A-4C60B54EA8FA}.Debug|x64.Build.0 = Debug|x64
		{F006F83F-F25F-4560-BE2A-4C60B54EA8FA}.Debug|x86.ActiveCfg = Debug|x86
		{F006F83F-F25F-4560-BE2A-4C60B54EA8FA}.Debug|x86.Build.0 = Debug|x86
		{F006F83F-F25F-4560-BE2A-4C60B54EA8FA}.Release|Any CPU.ActiveCfg = Release|Any CPU
		{F006F83F-F25F-4560-BE2A-4C60B54EA8FA}.Release|Any CPU.Build.0 = Release|Any CPU
		{F006F83F-F25F-4560-BE2A-4C60B54EA8FA}.Release|x64.ActiveCfg = Release|x64
		{F006F83F-F25F-4560-BE2A-4C60B54EA8FA}.Release|x64.Build.0 = Release|x64
		{F006F83F-F25F-4560-BE2A-4C60B54EA8FA}.Release|x86.ActiveCfg = Release|x86
		{F006F83F-F25F-4560-BE2A-4C60B54EA8FA}.Release|x86.Build.0 = Release|x86
		{8CAADEB8-9C70-4430-B363-F312805A06D8}.Debug|Any CPU.ActiveCfg = Debug|Any CPU
		{8CAADEB8-9C70-4430-B363-F312805A06D8}.Debug|Any CPU.Build.0 = Debug|Any CPU
		{8CAADEB8-9C70-4430-B363-F312805A06D8}.Debug|x64.ActiveCfg = Debug|x64
		{8CAADEB8-9C70-4430-B363-F312805A06D8}.Debug|x64.Build.0 = Debug|x64
		{8CAADEB8-9C70-4430-B363-F312805A06D8}.Debug|x86.ActiveCfg = Debug|x86
		{8CAADEB8-9C70-4430-B363-F312805A06D8}.Debug|x86.Build.0 = Debug|x86
		{8CAADEB8-9C70-4430-B363-F312805A06D8}.Release|Any CPU.ActiveCfg = Release|Any CPU
		{8CAADEB8-9C70-4430-B363-F312805A06D8}.Release|Any CPU.Build.0 = Release|Any CPU
		{8CAADEB8-9C70-4430-B363-F312805A06D8}.Release|x64.ActiveCfg = Release|x64
		{8CAADEB8-9C70-4430-B363-F312805A06D8}.Release|x64.Build.0 = Release|x64
		{8CAADEB8-9C70-4430-B363-F312805A06D8}.Release|x86.ActiveCfg = Release|x86
		{8CAADEB8-9C70-4430-B363-F312805A06D8}.Release|x86.Build.0 = Release|x86
		{BE1E2CF6-5118-44B5-BBAD-8AE4D2F7BC13}.Debug|Any CPU.ActiveCfg = Debug|Any CPU
		{BE1E2CF6-5118-44B5-BBAD-8AE4D2F7BC13}.Debug|Any CPU.Build.0 = Debug|Any CPU
		{BE1E2CF6-5118-44B5-BBAD-8AE4D2F7BC13}.Debug|x64.ActiveCfg = Debug|x64
		{BE1E2CF6-5118-44B5-BBAD-8AE4D2F7BC13}.Debug|x64.Build.0 = Debug|x64
		{BE1E2CF6-5118-44B5-BBAD-8AE4D2F7BC13}.Debug|x86.ActiveCfg = Debug|x86
		{BE1E2CF6-5118-44B5-BBAD-8AE4D2F7BC13}.Debug|x86.Build.0 = Debug|x86
		{BE1E2CF6-5118-44B5-BBAD-8AE4D2F7BC13}.Release|Any CPU.ActiveCfg = Release|Any CPU
		{BE1E2CF6-5118-44B5-BBAD-8AE4D2F7BC13}.Release|Any CPU.Build.0 = Release|Any CPU
		{BE1E2CF6-5118-44B5-BBAD-8AE4D2F7BC13}.Release|x64.ActiveCfg = Release|x64
		{BE1E2CF6-5118-44B5-BBAD-8AE4D2F7BC13}.Release|x64.Build.0 = Release|x64
		{BE1E2CF6-5118-44B5-BBAD-8AE4D2F7BC13}.Release|x86.ActiveCfg = Release|x86
		{BE1E2CF6-5118-44B5-BBAD-8AE4D2F7BC13}.Release|x86.Build.0 = Release|x86
		{07896700-AF85-41D9-8602-91C5CCC92C45}.Debug|Any CPU.ActiveCfg = Debug|Any CPU
		{07896700-AF85-41D9-8602-91C5CCC92C45}.Debug|Any CPU.Build.0 = Debug|Any CPU
		{07896700-AF85-41D9-8602-91C5CCC92C45}.Debug|x64.ActiveCfg = Debug|x64
		{07896700-AF85-41D9-8602-91C5CCC92C45}.Debug|x64.Build.0 = Debug|x64
		{07896700-AF85-41D9-8602-91C5CCC92C45}.Debug|x86.ActiveCfg = Debug|x86
		{07896700-AF85-41D9-8602-91C5CCC92C45}.Debug|x86.Build.0 = Debug|x86
		{07896700-AF85-41D9-8602-91C5CCC92C45}.Release|Any CPU.ActiveCfg = Release|Any CPU
		{07896700-AF85-41D9-8602-91C5CCC92C45}.Release|Any CPU.Build.0 = Release|Any CPU
		{07896700-AF85-41D9-8602-91C5CCC92C45}.Release|x64.ActiveCfg = Release|x64
		{07896700-AF85-41D9-8602-91C5CCC92C45}.Release|x64.Build.0 = Release|x64
		{07896700-AF85-41D9-8602-91C5CCC92C45}.Release|x86.ActiveCfg = Release|x86
		{07896700-AF85-41D9-8602-91C5CCC92C45}.Release|x86.Build.0 = Release|x86
		{40FFDE8E-C434-4299-A4FE-C13F6CD7D2E8}.Debug|Any CPU.ActiveCfg = Debug|Any CPU
		{40FFDE8E-C434-4299-A4FE-C13F6CD7D2E8}.Debug|Any CPU.Build.0 = Debug|Any CPU
		{40FFDE8E-C434-4299-A4FE-C13F6CD7D2E8}.Debug|x64.ActiveCfg = Debug|x64
		{40FFDE8E-C434-4299-A4FE-C13F6CD7D2E8}.Debug|x64.Build.0 = Debug|x64
		{40FFDE8E-C434-4299-A4FE-C13F6CD7D2E8}.Debug|x86.ActiveCfg = Debug|x86
		{40FFDE8E-C434-4299-A4FE-C13F6CD7D2E8}.Debug|x86.Build.0 = Debug|x86
		{40FFDE8E-C434-4299-A4FE-C13F6CD7D2E8}.Release|Any CPU.ActiveCfg = Release|Any CPU
		{40FFDE8E-C434-4299-A4FE-C13F6CD7D2E8}.Release|Any CPU.Build.0 = Release|Any CPU
		{40FFDE8E-C434-4299-A4FE-C13F6CD7D2E8}.Release|x64.ActiveCfg = Release|x64
		{40FFDE8E-C434-4299-A4FE-C13F6CD7D2E8}.Release|x64.Build.0 = Release|x64
		{40FFDE8E-C434-4299-A4FE-C13F6CD7D2E8}.Release|x86.ActiveCfg = Release|x86
		{40FFDE8E-C434-4299-A4FE-C13F6CD7D2E8}.Release|x86.Build.0 = Release|x86
		{3E9EB818-3C60-440F-B15C-E4860366C798}.Debug|Any CPU.ActiveCfg = Debug|Any CPU
		{3E9EB818-3C60-440F-B15C-E4860366C798}.Debug|Any CPU.Build.0 = Debug|Any CPU
		{3E9EB818-3C60-440F-B15C-E4860366C798}.Debug|x64.ActiveCfg = Debug|x64
		{3E9EB818-3C60-440F-B15C-E4860366C798}.Debug|x64.Build.0 = Debug|x64
		{3E9EB818-3C60-440F-B15C-E4860366C798}.Debug|x86.ActiveCfg = Debug|x86
		{3E9EB818-3C60-440F-B15C-E4860366C798}.Debug|x86.Build.0 = Debug|x86
		{3E9EB818-3C60-440F-B15C-E4860366C798}.Release|Any CPU.ActiveCfg = Release|Any CPU
		{3E9EB818-3C60-440F-B15C-E4860366C798}.Release|Any CPU.Build.0 = Release|Any CPU
		{3E9EB818-3C60-440F-B15C-E4860366C798}.Release|x64.ActiveCfg = Release|x64
		{3E9EB818-3C60-440F-B15C-E4860366C798}.Release|x64.Build.0 = Release|x64
		{3E9EB818-3C60-440F-B15C-E4860366C798}.Release|x86.ActiveCfg = Release|x86
		{3E9EB818-3C60-440F-B15C-E4860366C798}.Release|x86.Build.0 = Release|x86
		{C4F76D0A-BF26-45E2-B69B-9A8DF93D5FF0}.Debug|Any CPU.ActiveCfg = Debug|Any CPU
		{C4F76D0A-BF26-45E2-B69B-9A8DF93D5FF0}.Debug|Any CPU.Build.0 = Debug|Any CPU
		{C4F76D0A-BF26-45E2-B69B-9A8DF93D5FF0}.Debug|x64.ActiveCfg = Debug|x64
		{C4F76D0A-BF26-45E2-B69B-9A8DF93D5FF0}.Debug|x64.Build.0 = Debug|x64
		{C4F76D0A-BF26-45E2-B69B-9A8DF93D5FF0}.Debug|x86.ActiveCfg = Debug|x86
		{C4F76D0A-BF26-45E2-B69B-9A8DF93D5FF0}.Debug|x86.Build.0 = Debug|x86
		{C4F76D0A-BF26-45E2-B69B-9A8DF93D5FF0}.Release|Any CPU.ActiveCfg = Release|Any CPU
		{C4F76D0A-BF26-45E2-B69B-9A8DF93D5FF0}.Release|Any CPU.Build.0 = Release|Any CPU
		{C4F76D0A-BF26-45E2-B69B-9A8DF93D5FF0}.Release|x64.ActiveCfg = Release|x64
		{C4F76D0A-BF26-45E2-B69B-9A8DF93D5FF0}.Release|x64.Build.0 = Release|x64
		{C4F76D0A-BF26-45E2-B69B-9A8DF93D5FF0}.Release|x86.ActiveCfg = Release|x86
		{C4F76D0A-BF26-45E2-B69B-9A8DF93D5FF0}.Release|x86.Build.0 = Release|x86
		{14BB4A7B-0F01-4778-905A-E53C192A5208}.Debug|Any CPU.ActiveCfg = Debug|Any CPU
		{14BB4A7B-0F01-4778-905A-E53C192A5208}.Debug|Any CPU.Build.0 = Debug|Any CPU
		{14BB4A7B-0F01-4778-905A-E53C192A5208}.Debug|x64.ActiveCfg = Debug|Any CPU
		{14BB4A7B-0F01-4778-905A-E53C192A5208}.Debug|x86.ActiveCfg = Debug|Any CPU
		{14BB4A7B-0F01-4778-905A-E53C192A5208}.Release|Any CPU.ActiveCfg = Release|Any CPU
		{14BB4A7B-0F01-4778-905A-E53C192A5208}.Release|Any CPU.Build.0 = Release|Any CPU
		{14BB4A7B-0F01-4778-905A-E53C192A5208}.Release|x64.ActiveCfg = Release|Any CPU
		{14BB4A7B-0F01-4778-905A-E53C192A5208}.Release|x86.ActiveCfg = Release|Any CPU
		{B4D3001D-890E-44F3-A216-EB1B4CF2BA2A}.Debug|Any CPU.ActiveCfg = Debug|Any CPU
		{B4D3001D-890E-44F3-A216-EB1B4CF2BA2A}.Debug|Any CPU.Build.0 = Debug|Any CPU
		{B4D3001D-890E-44F3-A216-EB1B4CF2BA2A}.Debug|x64.ActiveCfg = Debug|Any CPU
		{B4D3001D-890E-44F3-A216-EB1B4CF2BA2A}.Debug|x86.ActiveCfg = Debug|Any CPU
		{B4D3001D-890E-44F3-A216-EB1B4CF2BA2A}.Release|Any CPU.ActiveCfg = Release|Any CPU
		{B4D3001D-890E-44F3-A216-EB1B4CF2BA2A}.Release|Any CPU.Build.0 = Release|Any CPU
		{B4D3001D-890E-44F3-A216-EB1B4CF2BA2A}.Release|x64.ActiveCfg = Release|Any CPU
		{B4D3001D-890E-44F3-A216-EB1B4CF2BA2A}.Release|x86.ActiveCfg = Release|Any CPU
		{803AF38B-F474-4E45-8AA9-A937E85E8F6B}.Debug|Any CPU.ActiveCfg = Debug|Any CPU
		{803AF38B-F474-4E45-8AA9-A937E85E8F6B}.Debug|Any CPU.Build.0 = Debug|Any CPU
		{803AF38B-F474-4E45-8AA9-A937E85E8F6B}.Debug|x64.ActiveCfg = Debug|Any CPU
		{803AF38B-F474-4E45-8AA9-A937E85E8F6B}.Debug|x86.ActiveCfg = Debug|Any CPU
		{803AF38B-F474-4E45-8AA9-A937E85E8F6B}.Release|Any CPU.ActiveCfg = Release|Any CPU
		{803AF38B-F474-4E45-8AA9-A937E85E8F6B}.Release|Any CPU.Build.0 = Release|Any CPU
		{803AF38B-F474-4E45-8AA9-A937E85E8F6B}.Release|x64.ActiveCfg = Release|Any CPU
		{803AF38B-F474-4E45-8AA9-A937E85E8F6B}.Release|x86.ActiveCfg = Release|Any CPU
		{9044031A-6F9E-4DC8-A10B-30E5F9F7FDBE}.Debug|Any CPU.ActiveCfg = Debug|Any CPU
		{9044031A-6F9E-4DC8-A10B-30E5F9F7FDBE}.Debug|Any CPU.Build.0 = Debug|Any CPU
		{9044031A-6F9E-4DC8-A10B-30E5F9F7FDBE}.Debug|x64.ActiveCfg = Debug|Any CPU
		{9044031A-6F9E-4DC8-A10B-30E5F9F7FDBE}.Debug|x86.ActiveCfg = Debug|Any CPU
		{9044031A-6F9E-4DC8-A10B-30E5F9F7FDBE}.Release|Any CPU.ActiveCfg = Release|Any CPU
		{9044031A-6F9E-4DC8-A10B-30E5F9F7FDBE}.Release|Any CPU.Build.0 = Release|Any CPU
		{9044031A-6F9E-4DC8-A10B-30E5F9F7FDBE}.Release|x64.ActiveCfg = Release|Any CPU
		{9044031A-6F9E-4DC8-A10B-30E5F9F7FDBE}.Release|x86.ActiveCfg = Release|Any CPU
		{16D31E25-B3B0-47BF-807A-0ED4710ECCD4}.Debug|Any CPU.ActiveCfg = Debug|Any CPU
		{16D31E25-B3B0-47BF-807A-0ED4710ECCD4}.Debug|Any CPU.Build.0 = Debug|Any CPU
		{16D31E25-B3B0-47BF-807A-0ED4710ECCD4}.Debug|x64.ActiveCfg = Debug|x64
		{16D31E25-B3B0-47BF-807A-0ED4710ECCD4}.Debug|x64.Build.0 = Debug|x64
		{16D31E25-B3B0-47BF-807A-0ED4710ECCD4}.Debug|x86.ActiveCfg = Debug|x86
		{16D31E25-B3B0-47BF-807A-0ED4710ECCD4}.Debug|x86.Build.0 = Debug|x86
		{16D31E25-B3B0-47BF-807A-0ED4710ECCD4}.Release|Any CPU.ActiveCfg = Release|Any CPU
		{16D31E25-B3B0-47BF-807A-0ED4710ECCD4}.Release|Any CPU.Build.0 = Release|Any CPU
		{16D31E25-B3B0-47BF-807A-0ED4710ECCD4}.Release|x64.ActiveCfg = Release|x64
		{16D31E25-B3B0-47BF-807A-0ED4710ECCD4}.Release|x64.Build.0 = Release|x64
		{16D31E25-B3B0-47BF-807A-0ED4710ECCD4}.Release|x86.ActiveCfg = Release|x86
		{16D31E25-B3B0-47BF-807A-0ED4710ECCD4}.Release|x86.Build.0 = Release|x86
		{54D8BBA1-9779-4CB9-9FF0-77C5DE05E7C4}.Debug|Any CPU.ActiveCfg = Debug|Any CPU
		{54D8BBA1-9779-4CB9-9FF0-77C5DE05E7C4}.Debug|Any CPU.Build.0 = Debug|Any CPU
		{54D8BBA1-9779-4CB9-9FF0-77C5DE05E7C4}.Debug|x64.ActiveCfg = Debug|x64
		{54D8BBA1-9779-4CB9-9FF0-77C5DE05E7C4}.Debug|x64.Build.0 = Debug|x64
		{54D8BBA1-9779-4CB9-9FF0-77C5DE05E7C4}.Debug|x86.ActiveCfg = Debug|x86
		{54D8BBA1-9779-4CB9-9FF0-77C5DE05E7C4}.Debug|x86.Build.0 = Debug|x86
		{54D8BBA1-9779-4CB9-9FF0-77C5DE05E7C4}.Release|Any CPU.ActiveCfg = Release|Any CPU
		{54D8BBA1-9779-4CB9-9FF0-77C5DE05E7C4}.Release|Any CPU.Build.0 = Release|Any CPU
		{54D8BBA1-9779-4CB9-9FF0-77C5DE05E7C4}.Release|x64.ActiveCfg = Release|x64
		{54D8BBA1-9779-4CB9-9FF0-77C5DE05E7C4}.Release|x64.Build.0 = Release|x64
		{54D8BBA1-9779-4CB9-9FF0-77C5DE05E7C4}.Release|x86.ActiveCfg = Release|x86
		{54D8BBA1-9779-4CB9-9FF0-77C5DE05E7C4}.Release|x86.Build.0 = Release|x86
	EndGlobalSection
	GlobalSection(SolutionProperties) = preSolution
		HideSolutionNode = FALSE
	EndGlobalSection
EndGlobal
